
Microsoft Visual Studio Solution File, Format Version 12.00
# Visual Studio Version 17
VisualStudioVersion = 17.14.36327.8
MinimumVisualStudioVersion = 10.0.40219.1
Project("{8BC9CEB8-8B4A-11D0-8D11-00A0C91BC942}") = "WinAPI_2", "WinAPI_2\WinAPI_2.vcxproj", "{01A03E60-E1A7-4892-9081-EFED0E60348E}"
EndProject
Project("{8BC9CEB8-8B4A-11D0-8D11-00A0C91BC942}") = "ComboBox", "ComboBox\ComboBox.vcxproj", "{06A80891-420F-4793-BC89-FFF77FEA94A2}"
EndProject
Project("{8BC9CEB8-8B4A-11D0-8D11-00A0C91BC942}") = "MainWindow", "MainWindow\MainWindow.vcxproj", "{34D35809-EFDF-4F23-817A-CA3337841D7B}"
EndProject
Global
	GlobalSection(SolutionConfigurationPlatforms) = preSolution
		Debug|x64 = Debug|x64
		Debug|x86 = Debug|x86
		Release|x64 = Release|x64
		Release|x86 = Release|x86
	EndGlobalSection
	GlobalSection(ProjectConfigurationPlatforms) = postSolution
		{01A03E60-E1A7-4892-9081-EFED0E60348E}.Debug|x64.ActiveCfg = Debug|x64
		{01A03E60-E1A7-4892-9081-EFED0E60348E}.Debug|x64.Build.0 = Debug|x64
		{01A03E60-E1A7-4892-9081-EFED0E60348E}.Debug|x86.ActiveCfg = Debug|Win32
		{01A03E60-E1A7-4892-9081-EFED0E60348E}.Debug|x86.Build.0 = Debug|Win32
		{01A03E60-E1A7-4892-9081-EFED0E60348E}.Release|x64.ActiveCfg = Release|x64
		{01A03E60-E1A7-4892-9081-EFED0E60348E}.Release|x64.Build.0 = Release|x64
		{01A03E60-E1A7-4892-9081-EFED0E60348E}.Release|x86.ActiveCfg = Release|Win32
		{01A03E60-E1A7-4892-9081-EFED0E60348E}.Release|x86.Build.0 = Release|Win32
		{06A80891-420F-4793-BC89-FFF77FEA94A2}.Debug|x64.ActiveCfg = Debug|x64
		{06A80891-420F-4793-BC89-FFF77FEA94A2}.Debug|x64.Build.0 = Debug|x64
		{06A80891-420F-4793-BC89-FFF77FEA94A2}.Debug|x86.ActiveCfg = Debug|Win32
		{06A80891-420F-4793-BC89-FFF77FEA94A2}.Debug|x86.Build.0 = Debug|Win32
		{06A80891-420F-4793-BC89-FFF77FEA94A2}.Release|x64.ActiveCfg = Release|x64
		{06A80891-420F-4793-BC89-FFF77FEA94A2}.Release|x64.Build.0 = Release|x64
		{06A80891-420F-4793-BC89-FFF77FEA94A2}.Release|x86.ActiveCfg = Release|Win32
		{06A80891-420F-4793-BC89-FFF77FEA94A2}.Release|x86.Build.0 = Release|Win32
		{34D35809-EFDF-4F23-817A-CA3337841D7B}.Debug|x64.ActiveCfg = Debug|x64
		{34D35809-EFDF-4F23-817A-CA3337841D7B}.Debug|x64.Build.0 = Debug|x64
		{34D35809-EFDF-4F23-817A-CA3337841D7B}.Debug|x86.ActiveCfg = Debug|Win32
		{34D35809-EFDF-4F23-817A-CA3337841D7B}.Debug|x86.Build.0 = Debug|Win32
		{34D35809-EFDF-4F23-817A-CA3337841D7B}.Release|x64.ActiveCfg = Release|x64
		{34D35809-EFDF-4F23-817A-CA3337841D7B}.Release|x64.Build.0 = Release|x64
		{34D35809-EFDF-4F23-817A-CA3337841D7B}.Release|x86.ActiveCfg = Release|Win32
		{34D35809-EFDF-4F23-817A-CA3337841D7B}.Release|x86.Build.0 = Release|Win32
	EndGlobalSection
	GlobalSection(SolutionProperties) = preSolution
		HideSolutionNode = FALSE
	EndGlobalSection
	GlobalSection(ExtensibilityGlobals) = postSolution
		SolutionGuid = {489238E0-CF06-4A42-92F7-A0AB0A17D01C}
	EndGlobalSection
EndGlobal
